// !$*UTF8*$!
{
	archiveVersion = 1;
	classes = {
	};
	objectVersion = 46;
	objects = {

/* Begin PBXBuildFile section */
		C479DFAF1BD8333000C35028 /* AppDelegate.swift in Sources */ = {isa = PBXBuildFile; fileRef = C479DFAE1BD8333000C35028 /* AppDelegate.swift */; };
		C479DFB11BD8333000C35028 /* FirstViewController.swift in Sources */ = {isa = PBXBuildFile; fileRef = C479DFB01BD8333000C35028 /* FirstViewController.swift */; };
		C479DFB31BD8333000C35028 /* SecondViewController.swift in Sources */ = {isa = PBXBuildFile; fileRef = C479DFB21BD8333000C35028 /* SecondViewController.swift */; };
		C479DFB61BD8333000C35028 /* Main.storyboard in Resources */ = {isa = PBXBuildFile; fileRef = C479DFB41BD8333000C35028 /* Main.storyboard */; };
		C479DFB81BD8333000C35028 /* Assets.xcassets in Resources */ = {isa = PBXBuildFile; fileRef = C479DFB71BD8333000C35028 /* Assets.xcassets */; };
		C479DFBB1BD8333000C35028 /* LaunchScreen.storyboard in Resources */ = {isa = PBXBuildFile; fileRef = C479DFB91BD8333000C35028 /* LaunchScreen.storyboard */; };
		C479DFC61BD8333000C35028 /* MyInfoTests.swift in Sources */ = {isa = PBXBuildFile; fileRef = C479DFC51BD8333000C35028 /* MyInfoTests.swift */; };
		C479DFD11BD8333000C35028 /* MyInfoUITests.swift in Sources */ = {isa = PBXBuildFile; fileRef = C479DFD01BD8333000C35028 /* MyInfoUITests.swift */; };
/* End PBXBuildFile section */

/* Begin PBXContainerItemProxy section */
		C479DFC21BD8333000C35028 /* PBXContainerItemProxy */ = {
			isa = PBXContainerItemProxy;
			containerPortal = C479DFA31BD8333000C35028 /* Project object */;
			proxyType = 1;
			remoteGlobalIDString = C479DFAA1BD8333000C35028;
			remoteInfo = MyInfo;
		};
		C479DFCD1BD8333000C35028 /* PBXContainerItemProxy */ = {
			isa = PBXContainerItemProxy;
			containerPortal = C479DFA31BD8333000C35028 /* Project object */;
			proxyType = 1;
			remoteGlobalIDString = C479DFAA1BD8333000C35028;
			remoteInfo = MyInfo;
		};
/* End PBXContainerItemProxy section */

/* Begin PBXFileReference section */
		C479DFAB1BD8333000C35028 /* MyInfo.app */ = {isa = PBXFileReference; explicitFileType = wrapper.application; includeInIndex = 0; path = MyInfo.app; sourceTree = BUILT_PRODUCTS_DIR; };
		C479DFAE1BD8333000C35028 /* AppDelegate.swift */ = {isa = PBXFileReference; lastKnownFileType = sourcecode.swift; path = AppDelegate.swift; sourceTree = "<group>"; };
		C479DFB01BD8333000C35028 /* FirstViewController.swift */ = {isa = PBXFileReference; lastKnownFileType = sourcecode.swift; path = FirstViewController.swift; sourceTree = "<group>"; };
		C479DFB21BD8333000C35028 /* SecondViewController.swift */ = {isa = PBXFileReference; lastKnownFileType = sourcecode.swift; path = SecondViewController.swift; sourceTree = "<group>"; };
		C479DFB51BD8333000C35028 /* Base */ = {isa = PBXFileReference; lastKnownFileType = file.storyboard; name = Base; path = Base.lproj/Main.storyboard; sourceTree = "<group>"; };
		C479DFB71BD8333000C35028 /* Assets.xcassets */ = {isa = PBXFileReference; lastKnownFileType = folder.assetcatalog; path = Assets.xcassets; sourceTree = "<group>"; };
		C479DFBA1BD8333000C35028 /* Base */ = {isa = PBXFileReference; lastKnownFileType = file.storyboard; name = Base; path = Base.lproj/LaunchScreen.storyboard; sourceTree = "<group>"; };
		C479DFBC1BD8333000C35028 /* Info.plist */ = {isa = PBXFileReference; lastKnownFileType = text.plist.xml; path = Info.plist; sourceTree = "<group>"; };
		C479DFC11BD8333000C35028 /* MyInfoTests.xctest */ = {isa = PBXFileReference; explicitFileType = wrapper.cfbundle; includeInIndex = 0; path = MyInfoTests.xctest; sourceTree = BUILT_PRODUCTS_DIR; };
		C479DFC51BD8333000C35028 /* MyInfoTests.swift */ = {isa = PBXFileReference; lastKnownFileType = sourcecode.swift; path = MyInfoTests.swift; sourceTree = "<group>"; };
		C479DFC71BD8333000C35028 /* Info.plist */ = {isa = PBXFileReference; lastKnownFileType = text.plist.xml; path = Info.plist; sourceTree = "<group>"; };
		C479DFCC1BD8333000C35028 /* MyInfoUITests.xctest */ = {isa = PBXFileReference; explicitFileType = wrapper.cfbundle; includeInIndex = 0; path = MyInfoUITests.xctest; sourceTree = BUILT_PRODUCTS_DIR; };
		C479DFD01BD8333000C35028 /* MyInfoUITests.swift */ = {isa = PBXFileReference; lastKnownFileType = sourcecode.swift; path = MyInfoUITests.swift; sourceTree = "<group>"; };
		C479DFD21BD8333000C35028 /* Info.plist */ = {isa = PBXFileReference; lastKnownFileType = text.plist.xml; path = Info.plist; sourceTree = "<group>"; };
/* End PBXFileReference section */

/* Begin PBXFrameworksBuildPhase section */
		C479DFA81BD8333000C35028 /* Frameworks */ = {
			isa = PBXFrameworksBuildPhase;
			buildActionMask = 2147483647;
			files = (
			);
			runOnlyForDeploymentPostprocessing = 0;
		};
		C479DFBE1BD8333000C35028 /* Frameworks */ = {
			isa = PBXFrameworksBuildPhase;
			buildActionMask = 2147483647;
			files = (
			);
			runOnlyForDeploymentPostprocessing = 0;
		};
		C479DFC91BD8333000C35028 /* Frameworks */ = {
			isa = PBXFrameworksBuildPhase;
			buildActionMask = 2147483647;
			files = (
			);
			runOnlyForDeploymentPostprocessing = 0;
		};
/* End PBXFrameworksBuildPhase section */

/* Begin PBXGroup section */
		C479DFA21BD8333000C35028 = {
			isa = PBXGroup;
			children = (
				C479DFAD1BD8333000C35028 /* MyInfo */,
				C479DFC41BD8333000C35028 /* MyInfoTests */,
				C479DFCF1BD8333000C35028 /* MyInfoUITests */,
				C479DFAC1BD8333000C35028 /* Products */,
			);
			sourceTree = "<group>";
		};
		C479DFAC1BD8333000C35028 /* Products */ = {
			isa = PBXGroup;
			children = (
				C479DFAB1BD8333000C35028 /* MyInfo.app */,
				C479DFC11BD8333000C35028 /* MyInfoTests.xctest */,
				C479DFCC1BD8333000C35028 /* MyInfoUITests.xctest */,
			);
			name = Products;
			sourceTree = "<group>";
		};
		C479DFAD1BD8333000C35028 /* MyInfo */ = {
			isa = PBXGroup;
			children = (
				C479DFAE1BD8333000C35028 /* AppDelegate.swift */,
				C479DFB01BD8333000C35028 /* FirstViewController.swift */,
				C479DFB21BD8333000C35028 /* SecondViewController.swift */,
				C479DFB41BD8333000C35028 /* Main.storyboard */,
				C479DFB71BD8333000C35028 /* Assets.xcassets */,
				C479DFB91BD8333000C35028 /* LaunchScreen.storyboard */,
				C479DFBC1BD8333000C35028 /* Info.plist */,
			);
			path = MyInfo;
			sourceTree = "<group>";
		};
		C479DFC41BD8333000C35028 /* MyInfoTests */ = {
			isa = PBXGroup;
			children = (
				C479DFC51BD8333000C35028 /* MyInfoTests.swift */,
				C479DFC71BD8333000C35028 /* Info.plist */,
			);
			path = MyInfoTests;
			sourceTree = "<group>";
		};
		C479DFCF1BD8333000C35028 /* MyInfoUITests */ = {
			isa = PBXGroup;
			children = (
				C479DFD01BD8333000C35028 /* MyInfoUITests.swift */,
				C479DFD21BD8333000C35028 /* Info.plist */,
			);
			path = MyInfoUITests;
			sourceTree = "<group>";
		};
/* End PBXGroup section */

/* Begin PBXNativeTarget section */
		C479DFAA1BD8333000C35028 /* MyInfo */ = {
			isa = PBXNativeTarget;
			buildConfigurationList = C479DFD51BD8333000C35028 /* Build configuration list for PBXNativeTarget "MyInfo" */;
			buildPhases = (
				C479DFA71BD8333000C35028 /* Sources */,
				C479DFA81BD8333000C35028 /* Frameworks */,
				C479DFA91BD8333000C35028 /* Resources */,
			);
			buildRules = (
			);
			dependencies = (
			);
			name = MyInfo;
			productName = MyInfo;
			productReference = C479DFAB1BD8333000C35028 /* MyInfo.app */;
			productType = "com.apple.product-type.application";
		};
		C479DFC01BD8333000C35028 /* MyInfoTests */ = {
			isa = PBXNativeTarget;
			buildConfigurationList = C479DFD81BD8333000C35028 /* Build configuration list for PBXNativeTarget "MyInfoTests" */;
			buildPhases = (
				C479DFBD1BD8333000C35028 /* Sources */,
				C479DFBE1BD8333000C35028 /* Frameworks */,
				C479DFBF1BD8333000C35028 /* Resources */,
			);
			buildRules = (
			);
			dependencies = (
				C479DFC31BD8333000C35028 /* PBXTargetDependency */,
			);
			name = MyInfoTests;
			productName = MyInfoTests;
			productReference = C479DFC11BD8333000C35028 /* MyInfoTests.xctest */;
			productType = "com.apple.product-type.bundle.unit-test";
		};
		C479DFCB1BD8333000C35028 /* MyInfoUITests */ = {
			isa = PBXNativeTarget;
			buildConfigurationList = C479DFDB1BD8333000C35028 /* Build configuration list for PBXNativeTarget "MyInfoUITests" */;
			buildPhases = (
				C479DFC81BD8333000C35028 /* Sources */,
				C479DFC91BD8333000C35028 /* Frameworks */,
				C479DFCA1BD8333000C35028 /* Resources */,
			);
			buildRules = (
			);
			dependencies = (
				C479DFCE1BD8333000C35028 /* PBXTargetDependency */,
			);
			name = MyInfoUITests;
			productName = MyInfoUITests;
			productReference = C479DFCC1BD8333000C35028 /* MyInfoUITests.xctest */;
			productType = "com.apple.product-type.bundle.ui-testing";
		};
/* End PBXNativeTarget section */

/* Begin PBXProject section */
		C479DFA31BD8333000C35028 /* Project object */ = {
			isa = PBXProject;
			attributes = {
				LastUpgradeCheck = 0700;
				ORGANIZATIONNAME = "Judah Meek";
				TargetAttributes = {
					C479DFAA1BD8333000C35028 = {
						CreatedOnToolsVersion = 7.0.1;
					};
					C479DFC01BD8333000C35028 = {
						CreatedOnToolsVersion = 7.0.1;
						TestTargetID = C479DFAA1BD8333000C35028;
					};
					C479DFCB1BD8333000C35028 = {
						CreatedOnToolsVersion = 7.0.1;
						TestTargetID = C479DFAA1BD8333000C35028;
					};
				};
			};
			buildConfigurationList = C479DFA61BD8333000C35028 /* Build configuration list for PBXProject "MyInfo" */;
			compatibilityVersion = "Xcode 3.2";
			developmentRegion = English;
			hasScannedForEncodings = 0;
			knownRegions = (
				en,
				Base,
			);
			mainGroup = C479DFA21BD8333000C35028;
			productRefGroup = C479DFAC1BD8333000C35028 /* Products */;
			projectDirPath = "";
			projectRoot = "";
			targets = (
				C479DFAA1BD8333000C35028 /* MyInfo */,
				C479DFC01BD8333000C35028 /* MyInfoTests */,
				C479DFCB1BD8333000C35028 /* MyInfoUITests */,
			);
		};
/* End PBXProject section */

/* Begin PBXResourcesBuildPhase section */
		C479DFA91BD8333000C35028 /* Resources */ = {
			isa = PBXResourcesBuildPhase;
			buildActionMask = 2147483647;
			files = (
				C479DFBB1BD8333000C35028 /* LaunchScreen.storyboard in Resources */,
				C479DFB81BD8333000C35028 /* Assets.xcassets in Resources */,
				C479DFB61BD8333000C35028 /* Main.storyboard in Resources */,
			);
			runOnlyForDeploymentPostprocessing = 0;
		};
		C479DFBF1BD8333000C35028 /* Resources */ = {
			isa = PBXResourcesBuildPhase;
			buildActionMask = 2147483647;
			files = (
			);
			runOnlyForDeploymentPostprocessing = 0;
		};
		C479DFCA1BD8333000C35028 /* Resources */ = {
			isa = PBXResourcesBuildPhase;
			buildActionMask = 2147483647;
			files = (
			);
			runOnlyForDeploymentPostprocessing = 0;
		};
/* End PBXResourcesBuildPhase section */

/* Begin PBXSourcesBuildPhase section */
		C479DFA71BD8333000C35028 /* Sources */ = {
			isa = PBXSourcesBuildPhase;
			buildActionMask = 2147483647;
			files = (
				C479DFB31BD8333000C35028 /* SecondViewController.swift in Sources */,
				C479DFAF1BD8333000C35028 /* AppDelegate.swift in Sources */,
				C479DFB11BD8333000C35028 /* FirstViewController.swift in Sources */,
			);
			runOnlyForDeploymentPostprocessing = 0;
		};
		C479DFBD1BD8333000C35028 /* Sources */ = {
			isa = PBXSourcesBuildPhase;
			buildActionMask = 2147483647;
			files = (
				C479DFC61BD8333000C35028 /* MyInfoTests.swift in Sources */,
			);
			runOnlyForDeploymentPostprocessing = 0;
		};
		C479DFC81BD8333000C35028 /* Sources */ = {
			isa = PBXSourcesBuildPhase;
			buildActionMask = 2147483647;
			files = (
				C479DFD11BD8333000C35028 /* MyInfoUITests.swift in Sources */,
			);
			runOnlyForDeploymentPostprocessing = 0;
		};
/* End PBXSourcesBuildPhase section */

/* Begin PBXTargetDependency section */
		C479DFC31BD8333000C35028 /* PBXTargetDependency */ = {
			isa = PBXTargetDependency;
			target = C479DFAA1BD8333000C35028 /* MyInfo */;
			targetProxy = C479DFC21BD8333000C35028 /* PBXContainerItemProxy */;
		};
		C479DFCE1BD8333000C35028 /* PBXTargetDependency */ = {
			isa = PBXTargetDependency;
			target = C479DFAA1BD8333000C35028 /* MyInfo */;
			targetProxy = C479DFCD1BD8333000C35028 /* PBXContainerItemProxy */;
		};
/* End PBXTargetDependency section */

/* Begin PBXVariantGroup section */
		C479DFB41BD8333000C35028 /* Main.storyboard */ = {
			isa = PBXVariantGroup;
			children = (
				C479DFB51BD8333000C35028 /* Base */,
			);
			name = Main.storyboard;
			sourceTree = "<group>";
		};
		C479DFB91BD8333000C35028 /* LaunchScreen.storyboard */ = {
			isa = PBXVariantGroup;
			children = (
				C479DFBA1BD8333000C35028 /* Base */,
			);
			name = LaunchScreen.storyboard;
			sourceTree = "<group>";
		};
/* End PBXVariantGroup section */

/* Begin XCBuildConfiguration section */
		C479DFD31BD8333000C35028 /* Debug */ = {
			isa = XCBuildConfiguration;
			buildSettings = {
				ALWAYS_SEARCH_USER_PATHS = NO;
				CLANG_CXX_LANGUAGE_STANDARD = "gnu++0x";
				CLANG_CXX_LIBRARY = "libc++";
				CLANG_ENABLE_MODULES = YES;
				CLANG_ENABLE_OBJC_ARC = YES;
				CLANG_WARN_BOOL_CONVERSION = YES;
				CLANG_WARN_CONSTANT_CONVERSION = YES;
				CLANG_WARN_DIRECT_OBJC_ISA_USAGE = YES_ERROR;
				CLANG_WARN_EMPTY_BODY = YES;
				CLANG_WARN_ENUM_CONVERSION = YES;
				CLANG_WARN_INT_CONVERSION = YES;
				CLANG_WARN_OBJC_ROOT_CLASS = YES_ERROR;
				CLANG_WARN_UNREACHABLE_CODE = YES;
				CLANG_WARN__DUPLICATE_METHOD_MATCH = YES;
				"CODE_SIGN_IDENTITY[sdk=iphoneos*]" = "iPhone Developer";
				COPY_PHASE_STRIP = NO;
				DEBUG_INFORMATION_FORMAT = dwarf;
				ENABLE_STRICT_OBJC_MSGSEND = YES;
				ENABLE_TESTABILITY = YES;
				GCC_C_LANGUAGE_STANDARD = gnu99;
				GCC_DYNAMIC_NO_PIC = NO;
				GCC_NO_COMMON_BLOCKS = YES;
				GCC_OPTIMIZATION_LEVEL = 0;
				GCC_PREPROCESSOR_DEFINITIONS = (
					"DEBUG=1",
					"$(inherited)",
				);
				GCC_WARN_64_TO_32_BIT_CONVERSION = YES;
				GCC_WARN_ABOUT_RETURN_TYPE = YES_ERROR;
				GCC_WARN_UNDECLARED_SELECTOR = YES;
				GCC_WARN_UNINITIALIZED_AUTOS = YES_AGGRESSIVE;
				GCC_WARN_UNUSED_FUNCTION = YES;
				GCC_WARN_UNUSED_VARIABLE = YES;
				IPHONEOS_DEPLOYMENT_TARGET = 9.0;
				MTL_ENABLE_DEBUG_INFO = YES;
				ONLY_ACTIVE_ARCH = YES;
				SDKROOT = iphoneos;
				SWIFT_OPTIMIZATION_LEVEL = "-Onone";
				TARGETED_DEVICE_FAMILY = "1,2";
			};
			name = Debug;
		};
		C479DFD41BD8333000C35028 /* Release */ = {
			isa = XCBuildConfiguration;
			buildSettings = {
				ALWAYS_SEARCH_USER_PATHS = NO;
				CLANG_CXX_LANGUAGE_STANDARD = "gnu++0x";
				CLANG_CXX_LIBRARY = "libc++";
				CLANG_ENABLE_MODULES = YES;
				CLANG_ENABLE_OBJC_ARC = YES;
				CLANG_WARN_BOOL_CONVERSION = YES;
				CLANG_WARN_CONSTANT_CONVERSION = YES;
				CLANG_WARN_DIRECT_OBJC_ISA_USAGE = YES_ERROR;
				CLANG_WARN_EMPTY_BODY = YES;
				CLANG_WARN_ENUM_CONVERSION = YES;
				CLANG_WARN_INT_CONVERSION = YES;
				CLANG_WARN_OBJC_ROOT_CLASS = YES_ERROR;
				CLANG_WARN_UNREACHABLE_CODE = YES;
				CLANG_WARN__DUPLICATE_METHOD_MATCH = YES;
				"CODE_SIGN_IDENTITY[sdk=iphoneos*]" = "iPhone Developer";
				COPY_PHASE_STRIP = NO;
				DEBUG_INFORMATION_FORMAT = "dwarf-with-dsym";
				ENABLE_NS_ASSERTIONS = NO;
				ENABLE_STRICT_OBJC_MSGSEND = YES;
				GCC_C_LANGUAGE_STANDARD = gnu99;
				GCC_NO_COMMON_BLOCKS = YES;
				GCC_WARN_64_TO_32_BIT_CONVERSION = YES;
				GCC_WARN_ABOUT_RETURN_TYPE = YES_ERROR;
				GCC_WARN_UNDECLARED_SELECTOR = YES;
				GCC_WARN_UNINITIALIZED_AUTOS = YES_AGGRESSIVE;
				GCC_WARN_UNUSED_FUNCTION = YES;
				GCC_WARN_UNUSED_VARIABLE = YES;
				IPHONEOS_DEPLOYMENT_TARGET = 9.0;
				MTL_ENABLE_DEBUG_INFO = NO;
				SDKROOT = iphoneos;
				TARGETED_DEVICE_FAMILY = "1,2";
				VALIDATE_PRODUCT = YES;
			};
			name = Release;
		};
		C479DFD61BD8333000C35028 /* Debug */ = {
			isa = XCBuildConfiguration;
			buildSettings = {
				ASSETCATALOG_COMPILER_APPICON_NAME = AppIcon;
				INFOPLIST_FILE = MyInfo/Info.plist;
				LD_RUNPATH_SEARCH_PATHS = "$(inherited) @executable_path/Frameworks";
				PRODUCT_BUNDLE_IDENTIFIER = "Meek-Humble.MyInfo";
				PRODUCT_NAME = "$(TARGET_NAME)";
			};
			name = Debug;
		};
		C479DFD71BD8333000C35028 /* Release */ = {
			isa = XCBuildConfiguration;
			buildSettings = {
				ASSETCATALOG_COMPILER_APPICON_NAME = AppIcon;
				INFOPLIST_FILE = MyInfo/Info.plist;
				LD_RUNPATH_SEARCH_PATHS = "$(inherited) @executable_path/Frameworks";
				PRODUCT_BUNDLE_IDENTIFIER = "Meek-Humble.MyInfo";
				PRODUCT_NAME = "$(TARGET_NAME)";
			};
			name = Release;
		};
		C479DFD91BD8333000C35028 /* Debug */ = {
			isa = XCBuildConfiguration;
			buildSettings = {
				BUNDLE_LOADER = "$(TEST_HOST)";
				INFOPLIST_FILE = MyInfoTests/Info.plist;
				LD_RUNPATH_SEARCH_PATHS = "$(inherited) @executable_path/Frameworks @loader_path/Frameworks";
				PRODUCT_BUNDLE_IDENTIFIER = "Meek-Humble.MyInfoTests";
				PRODUCT_NAME = "$(TARGET_NAME)";
				TEST_HOST = "$(BUILT_PRODUCTS_DIR)/MyInfo.app/MyInfo";
			};
			name = Debug;
		};
		C479DFDA1BD8333000C35028 /* Release */ = {
			isa = XCBuildConfiguration;
			buildSettings = {
				BUNDLE_LOADER = "$(TEST_HOST)";
				INFOPLIST_FILE = MyInfoTests/Info.plist;
				LD_RUNPATH_SEARCH_PATHS = "$(inherited) @executable_path/Frameworks @loader_path/Frameworks";
				PRODUCT_BUNDLE_IDENTIFIER = "Meek-Humble.MyInfoTests";
				PRODUCT_NAME = "$(TARGET_NAME)";
				TEST_HOST = "$(BUILT_PRODUCTS_DIR)/MyInfo.app/MyInfo";
			};
			name = Release;
		};
		C479DFDC1BD8333000C35028 /* Debug */ = {
			isa = XCBuildConfiguration;
			buildSettings = {
				INFOPLIST_FILE = MyInfoUITests/Info.plist;
				LD_RUNPATH_SEARCH_PATHS = "$(inherited) @executable_path/Frameworks @loader_path/Frameworks";
				PRODUCT_BUNDLE_IDENTIFIER = "Meek-Humble.MyInfoUITests";
				PRODUCT_NAME = "$(TARGET_NAME)";
				TEST_TARGET_NAME = MyInfo;
				USES_XCTRUNNER = YES;
			};
			name = Debug;
		};
		C479DFDD1BD8333000C35028 /* Release */ = {
			isa = XCBuildConfiguration;
			buildSettings = {
				INFOPLIST_FILE = MyInfoUITests/Info.plist;
				LD_RUNPATH_SEARCH_PATHS = "$(inherited) @executable_path/Frameworks @loader_path/Frameworks";
				PRODUCT_BUNDLE_IDENTIFIER = "Meek-Humble.MyInfoUITests";
				PRODUCT_NAME = "$(TARGET_NAME)";
				TEST_TARGET_NAME = MyInfo;
				USES_XCTRUNNER = YES;
			};
			name = Release;
		};
/* End XCBuildConfiguration section */

/* Begin XCConfigurationList section */
		C479DFA61BD8333000C35028 /* Build configuration list for PBXProject "MyInfo" */ = {
			isa = XCConfigurationList;
			buildConfigurations = (
				C479DFD31BD8333000C35028 /* Debug */,
				C479DFD41BD8333000C35028 /* Release */,
			);
			defaultConfigurationIsVisible = 0;
			defaultConfigurationName = Release;
		};
		C479DFD51BD8333000C35028 /* Build configuration list for PBXNativeTarget "MyInfo" */ = {
			isa = XCConfigurationList;
			buildConfigurations = (
				C479DFD61BD8333000C35028 /* Debug */,
				C479DFD71BD8333000C35028 /* Release */,
			);
			defaultConfigurationIsVisible = 0;
		};
		C479DFD81BD8333000C35028 /* Build configuration list for PBXNativeTarget "MyInfoTests" */ = {
			isa = XCConfigurationList;
			buildConfigurations = (
				C479DFD91BD8333000C35028 /* Debug */,
				C479DFDA1BD8333000C35028 /* Release */,
			);
			defaultConfigurationIsVisible = 0;
		};
		C479DFDB1BD8333000C35028 /* Build configuration list for PBXNativeTarget "MyInfoUITests" */ = {
			isa = XCConfigurationList;
			buildConfigurations = (
				C479DFDC1BD8333000C35028 /* Debug */,
				C479DFDD1BD8333000C35028 /* Release */,
			);
			defaultConfigurationIsVisible = 0;
		};
/* End XCConfigurationList section */
	};
	rootObject = C479DFA31BD8333000C35028 /* Project object */;
}
